# THIS IS AN AUTOGENERATED FILE. DO NOT EDIT THIS FILE DIRECTLY.
# yarn lockfile v1


"@types/node@*":
  version "10.11.0"
  resolved "https://registry.yarnpkg.com/@types/node/-/node-10.11.0.tgz#ddd0d67a3b6c3810dd1a59e36675fa82de5e19ae"

"@types/tapable@*":
  version "1.0.4"
  resolved "https://registry.yarnpkg.com/@types/tapable/-/tapable-1.0.4.tgz#b4ffc7dc97b498c969b360a41eee247f82616370"

"@types/uglify-js@*":
  version "3.0.3"
  resolved "https://registry.yarnpkg.com/@types/uglify-js/-/uglify-js-3.0.3.tgz#801a5ca1dc642861f47c46d14b700ed2d610840b"
  dependencies:
    source-map "^0.6.1"

"@types/webpack@^4.4.12":
  version "4.4.12"
  resolved "https://registry.yarnpkg.com/@types/webpack/-/webpack-4.4.12.tgz#79094b4c51ab1cf8f41f55bfe270c150bf0c0528"
  dependencies:
    "@types/node" "*"
    "@types/tapable" "*"
    "@types/uglify-js" "*"
    source-map "^0.6.0"

source-map@^0.6.0, source-map@^0.6.1:
  version "0.6.1"
  resolved "https://registry.yarnpkg.com/source-map/-/source-map-0.6.1.tgz#74722af32e9614e9c287a8d0bbde48b5e2f1a263"
